<?xml version="1.0" encoding="utf-8"?>
<Project ToolsVersion="4.0" xmlns="http://schemas.microsoft.com/developer/msbuild/2003">
  <ItemGroup>
    <Filter Include="Source Files">
      <UniqueIdentifier>{4FC737F1-C7A5-4376-A066-2A32D752A2FF}</UniqueIdentifier>
      <Extensions>cpp;c;cc;cxx;def;odl;idl;hpj;bat;asm;asmx</Extensions>
    </Filter>
    <Filter Include="Header Files">
      <UniqueIdentifier>{93995380-89BD-4b04-88EB-625FBE52EBFB}</UniqueIdentifier>
      <Extensions>h;hh;hpp;hxx;hm;inl;inc;xsd</Extensions>
    </Filter>
    <Filter Include="Resource Files">
      <UniqueIdentifier>{67DA6AB6-F800-4c08-8B7A-83BB121AAD01}</UniqueIdentifier>
      <Extensions>rc;ico;cur;bmp;dlg;rc2;rct;bin;rgs;gif;jpg;jpeg;jpe;resx;tiff;tif;png;wav;mfcribbon-ms</Extensions>
    </Filter>
    <Filter Include="Generated Files">
      <UniqueIdentifier>{a3e84f89-ee02-434e-99ad-aad9337c7332}</UniqueIdentifier>
      <SourceControlFiles>False</SourceControlFiles>
    </Filter>
  </ItemGroup>
  <ItemGroup>
    <ClCompile Include="stdafx.cpp">
      <Filter>Source Files</Filter>
    </ClCompile>
    <ClCompile Include="WebRTCPlugin.cpp">
      <Filter>Source Files</Filter>
    </ClCompile>
    <ClCompile Include="dllmain.cpp">
      <Filter>Source Files</Filter>
    </ClCompile>
    <ClCompile Include="WebRTCPlugin_i.c">
      <Filter>Generated Files</Filter>
    </ClCompile>
    <ClCompile Include="WebRTCProxy.cpp">
      <Filter>Source Files</Filter>
    </ClCompile>
    <ClCompile Include="RTCPeerConnection.cpp">
      <Filter>Source Files</Filter>
    </ClCompile>
    <ClCompile Include="MediaStreamTrack.cpp">
      <Filter>Source Files</Filter>
    </ClCompile>
    <ClCompile Include="RTPSender.cpp">
      <Filter>Source Files</Filter>
    </ClCompile>
  </ItemGroup>
  <ItemGroup>
    <ClInclude Include="stdafx.h">
      <Filter>Header Files</Filter>
    </ClInclude>
    <ClInclude Include="targetver.h">
      <Filter>Header Files</Filter>
    </ClInclude>
    <ClInclude Include="Resource.h">
      <Filter>Header Files</Filter>
    </ClInclude>
    <ClInclude Include="dllmain.h">
      <Filter>Header Files</Filter>
    </ClInclude>
    <ClInclude Include="WebRTCPlugin_i.h">
      <Filter>Generated Files</Filter>
    </ClInclude>
    <ClInclude Include="WebRTCProxy.h">
      <Filter>Header Files</Filter>
    </ClInclude>
    <ClInclude Include="JSObject.h">
      <Filter>Header Files</Filter>
    </ClInclude>
    <ClInclude Include="Callback.h">
      <Filter>Header Files</Filter>
    </ClInclude>
    <ClInclude Include="RTCPeerConnection.h">
      <Filter>Header Files</Filter>
    </ClInclude>
    <ClInclude Include="MediaStreamTrack.h">
      <Filter>Header Files</Filter>
    </ClInclude>
    <ClInclude Include="RTPSender.h">
      <Filter>Header Files</Filter>
    </ClInclude>
    <ClInclude Include="CallbackDispatcher.h">
      <Filter>Header Files</Filter>
    </ClInclude>
  </ItemGroup>
  <ItemGroup>
    <ResourceCompile Include="WebRTCPlugin.rc">
      <Filter>Resource Files</Filter>
    </ResourceCompile>
  </ItemGroup>
  <ItemGroup>
    <Text Include="ReadMe.txt" />
  </ItemGroup>
  <ItemGroup>
    <None Include="WebRTCPlugin.rgs">
      <Filter>Resource Files</Filter>
    </None>
    <None Include="WebRTCPlugin.def">
      <Filter>Source Files</Filter>
    </None>
    <None Include="WebRTCProxy.htm" />
    <None Include="WebRTCProxy.rgs">
      <Filter>Resource Files</Filter>
    </None>
    <None Include="RTCPeerConnection.htm" />
    <None Include="RTCPeerConnection.rgs">
      <Filter>Resource Files</Filter>
    </None>
    <None Include="MediaStreamTrack.htm" />
    <None Include="MediaStreamTrack.rgs">
      <Filter>Resource Files</Filter>
    </None>
    <None Include="RTPSender.htm" />
    <None Include="RTPSender.rgs">
      <Filter>Resource Files</Filter>
    </None>
  </ItemGroup>
  <ItemGroup>
    <Midl Include="WebRTCPlugin.idl">
      <Filter>Source Files</Filter>
    </Midl>
  </ItemGroup>
  <ItemGroup>
    <Image Include="WebRTCProxy.bmp">
      <Filter>Resource Files</Filter>
    </Image>
    <Image Include="RTCPeerConnection.bmp">
      <Filter>Resource Files</Filter>
    </Image>
    <Image Include="MediaStreamTrack.bmp">
      <Filter>Resource Files</Filter>
    </Image>
    <Image Include="RTPSender.bmp">
      <Filter>Resource Files</Filter>
    </Image>
  </ItemGroup>
</Project>