<?xml version="1.0" encoding="utf-8"?>
<Project ToolsVersion="4.0" xmlns="http://schemas.microsoft.com/developer/msbuild/2003">
  <ItemGroup>
    <Filter Include="Source Files">
      <UniqueIdentifier>{839f6bf2-1ae7-4392-bc50-c95b9a68935c}</UniqueIdentifier>
    </Filter>
    <Filter Include="Generated Files">
      <UniqueIdentifier>{7737e1d7-182b-4382-8183-c0a7bf7f53dd}</UniqueIdentifier>
      <SourceControlFiles>False</SourceControlFiles>
    </Filter>
  </ItemGroup>
  <ItemGroup>
    <None Include="WebRTCPluginps.def" />
  </ItemGroup>
  <ItemGroup>
    <ClCompile Include="WebRTCPlugin_i.c">
      <Filter>Generated Files</Filter>
    </ClCompile>
    <ClCompile Include="WebRTCPlugin_p.c">
      <Filter>Generated Files</Filter>
    </ClCompile>
    <ClCompile Include="dlldata.c">
      <Filter>Generated Files</Filter>
    </ClCompile>
  </ItemGroup>
</Project>